// !$*UTF8*$!
{
	archiveVersion = 1;
	classes = {
	};
	objectVersion = 46;
	objects = {

/* Begin PBXBuildFile section */
		D046CB701F53081B00FE73A1 /* AppDelegate.swift in Sources */ = {isa = PBXBuildFile; fileRef = D046CB6F1F53081B00FE73A1 /* AppDelegate.swift */; };
		D046CB721F53081B00FE73A1 /* ViewController.swift in Sources */ = {isa = PBXBuildFile; fileRef = D046CB711F53081B00FE73A1 /* ViewController.swift */; };
		D046CB751F53081B00FE73A1 /* Main.storyboard in Resources */ = {isa = PBXBuildFile; fileRef = D046CB731F53081B00FE73A1 /* Main.storyboard */; };
		D046CB771F53081B00FE73A1 /* Assets.xcassets in Resources */ = {isa = PBXBuildFile; fileRef = D046CB761F53081B00FE73A1 /* Assets.xcassets */; };
		D046CB7A1F53081B00FE73A1 /* LaunchScreen.storyboard in Resources */ = {isa = PBXBuildFile; fileRef = D046CB781F53081B00FE73A1 /* LaunchScreen.storyboard */; };
/* End PBXBuildFile section */

/* Begin PBXFileReference section */
		D046CB6C1F53081B00FE73A1 /* SnapPick.app */ = {isa = PBXFileReference; explicitFileType = wrapper.application; includeInIndex = 0; path = SnapPick.app; sourceTree = BUILT_PRODUCTS_DIR; };
		D046CB6F1F53081B00FE73A1 /* AppDelegate.swift */ = {isa = PBXFileReference; lastKnownFileType = sourcecode.swift; path = AppDelegate.swift; sourceTree = "<group>"; };
		D046CB711F53081B00FE73A1 /* ViewController.swift */ = {isa = PBXFileReference; lastKnownFileType = sourcecode.swift; path = ViewController.swift; sourceTree = "<group>"; };
		D046CB741F53081B00FE73A1 /* Base */ = {isa = PBXFileReference; lastKnownFileType = file.storyboard; name = Base; path = Base.lproj/Main.storyboard; sourceTree = "<group>"; };
		D046CB761F53081B00FE73A1 /* Assets.xcassets */ = {isa = PBXFileReference; lastKnownFileType = folder.assetcatalog; path = Assets.xcassets; sourceTree = "<group>"; };
		D046CB791F53081B00FE73A1 /* Base */ = {isa = PBXFileReference; lastKnownFileType = file.storyboard; name = Base; path = Base.lproj/LaunchScreen.storyboard; sourceTree = "<group>"; };
		D046CB7B1F53081B00FE73A1 /* Info.plist */ = {isa = PBXFileReference; lastKnownFileType = text.plist.xml; path = Info.plist; sourceTree = "<group>"; };
/* End PBXFileReference section */

/* Begin PBXFrameworksBuildPhase section */
		D046CB691F53081B00FE73A1 /* Frameworks */ = {
			isa = PBXFrameworksBuildPhase;
			buildActionMask = 2147483647;
			files = (
			);
			runOnlyForDeploymentPostprocessing = 0;
		};
/* End PBXFrameworksBuildPhase section */

/* Begin PBXGroup section */
		D046CB631F53081B00FE73A1 = {
			isa = PBXGroup;
			children = (
				D046CB6E1F53081B00FE73A1 /* SnapPick */,
				D046CB6D1F53081B00FE73A1 /* Products */,
			);
			sourceTree = "<group>";
		};
		D046CB6D1F53081B00FE73A1 /* Products */ = {
			isa = PBXGroup;
			children = (
				D046CB6C1F53081B00FE73A1 /* SnapPick.app */,
			);
			name = Products;
			sourceTree = "<group>";
		};
		D046CB6E1F53081B00FE73A1 /* SnapPick */ = {
			isa = PBXGroup;
			children = (
				D046CB6F1F53081B00FE73A1 /* AppDelegate.swift */,
				D046CB711F53081B00FE73A1 /* ViewController.swift */,
				D046CB731F53081B00FE73A1 /* Main.storyboard */,
				D046CB761F53081B00FE73A1 /* Assets.xcassets */,
				D046CB781F53081B00FE73A1 /* LaunchScreen.storyboard */,
				D046CB7B1F53081B00FE73A1 /* Info.plist */,
			);
			path = SnapPick;
			sourceTree = "<group>";
		};
/* End PBXGroup section */

/* Begin PBXNativeTarget section */
		D046CB6B1F53081B00FE73A1 /* SnapPick */ = {
			isa = PBXNativeTarget;
			buildConfigurationList = D046CB7E1F53081B00FE73A1 /* Build configuration list for PBXNativeTarget "SnapPick" */;
			buildPhases = (
				D046CB681F53081B00FE73A1 /* Sources */,
				D046CB691F53081B00FE73A1 /* Frameworks */,
				D046CB6A1F53081B00FE73A1 /* Resources */,
			);
			buildRules = (
			);
			dependencies = (
			);
			name = SnapPick;
			productName = SnapPick;
			productReference = D046CB6C1F53081B00FE73A1 /* SnapPick.app */;
			productType = "com.apple.product-type.application";
		};
/* End PBXNativeTarget section */

/* Begin PBXProject section */
		D046CB641F53081B00FE73A1 /* Project object */ = {
			isa = PBXProject;
			attributes = {
				LastSwiftUpdateCheck = 0830;
				LastUpgradeCheck = 0830;
				ORGANIZATIONNAME = "Peter Pickett";
				TargetAttributes = {
					D046CB6B1F53081B00FE73A1 = {
						CreatedOnToolsVersion = 8.3.3;
						ProvisioningStyle = Automatic;
					};
				};
			};
			buildConfigurationList = D046CB671F53081B00FE73A1 /* Build configuration list for PBXProject "SnapPick" */;
			compatibilityVersion = "Xcode 3.2";
			developmentRegion = English;
			hasScannedForEncodings = 0;
			knownRegions = (
				en,
				Base,
			);
			mainGroup = D046CB631F53081B00FE73A1;
			productRefGroup = D046CB6D1F53081B00FE73A1 /* Products */;
			projectDirPath = "";
			projectRoot = "";
			targets = (
				D046CB6B1F53081B00FE73A1 /* SnapPick */,
			);
		};
/* End PBXProject section */

/* Begin PBXResourcesBuildPhase section */
		D046CB6A1F53081B00FE73A1 /* Resources */ = {
			isa = PBXResourcesBuildPhase;
			buildActionMask = 2147483647;
			files = (
				D046CB7A1F53081B00FE73A1 /* LaunchScreen.storyboard in Resources */,
				D046CB771F53081B00FE73A1 /* Assets.xcassets in Resources */,
				D046CB751F53081B00FE73A1 /* Main.storyboard in Resources */,
			);
			runOnlyForDeploymentPostprocessing = 0;
		};
/* End PBXResourcesBuildPhase section */

/* Begin PBXSourcesBuildPhase section */
		D046CB681F53081B00FE73A1 /* Sources */ = {
			isa = PBXSourcesBuildPhase;
			buildActionMask = 2147483647;
			files = (
				D046CB721F53081B00FE73A1 /* ViewController.swift in Sources */,
				D046CB701F53081B00FE73A1 /* AppDelegate.swift in Sources */,
			);
			runOnlyForDeploymentPostprocessing = 0;
		};
/* End PBXSourcesBuildPhase section */

/* Begin PBXVariantGroup section */
		D046CB731F53081B00FE73A1 /* Main.storyboard */ = {
			isa = PBXVariantGroup;
			children = (
				D046CB741F53081B00FE73A1 /* Base */,
			);
			name = Main.storyboard;
			sourceTree = "<group>";
		};
		D046CB781F53081B00FE73A1 /* LaunchScreen.storyboard */ = {
			isa = PBXVariantGroup;
			children = (
				D046CB791F53081B00FE73A1 /* Base */,
			);
			name = LaunchScreen.storyboard;
			sourceTree = "<group>";
		};
/* End PBXVariantGroup section */

/* Begin XCBuildConfiguration section */
		D046CB7C1F53081B00FE73A1 /* Debug */ = {
			isa = XCBuildConfiguration;
			buildSettings = {
				ALWAYS_SEARCH_USER_PATHS = NO;
				CLANG_ANALYZER_NONNULL = YES;
				CLANG_ANALYZER_NUMBER_OBJECT_CONVERSION = YES_AGGRESSIVE;
				CLANG_CXX_LANGUAGE_STANDARD = "gnu++0x";
				CLANG_CXX_LIBRARY = "libc++";
				CLANG_ENABLE_MODULES = YES;
				CLANG_ENABLE_OBJC_ARC = YES;
				CLANG_WARN_BOOL_CONVERSION = YES;
				CLANG_WARN_CONSTANT_CONVERSION = YES;
				CLANG_WARN_DIRECT_OBJC_ISA_USAGE = YES_ERROR;
				CLANG_WARN_DOCUMENTATION_COMMENTS = YES;
				CLANG_WARN_EMPTY_BODY = YES;
				CLANG_WARN_ENUM_CONVERSION = YES;
				CLANG_WARN_INFINITE_RECURSION = YES;
				CLANG_WARN_INT_CONVERSION = YES;
				CLANG_WARN_OBJC_ROOT_CLASS = YES_ERROR;
				CLANG_WARN_SUSPICIOUS_MOVE = YES;
				CLANG_WARN_UNREACHABLE_CODE = YES;
				CLANG_WARN__DUPLICATE_METHOD_MATCH = YES;
				"CODE_SIGN_IDENTITY[sdk=iphoneos*]" = "iPhone Developer";
				COPY_PHASE_STRIP = NO;
				DEBUG_INFORMATION_FORMAT = dwarf;
				ENABLE_STRICT_OBJC_MSGSEND = YES;
				ENABLE_TESTABILITY = YES;
				GCC_C_LANGUAGE_STANDARD = gnu99;
				GCC_DYNAMIC_NO_PIC = NO;
				GCC_NO_COMMON_BLOCKS = YES;
				GCC_OPTIMIZATION_LEVEL = 0;
				GCC_PREPROCESSOR_DEFINITIONS = (
					"DEBUG=1",
					"$(inherited)",
				);
				GCC_WARN_64_TO_32_BIT_CONVERSION = YES;
				GCC_WARN_ABOUT_RETURN_TYPE = YES_ERROR;
				GCC_WARN_UNDECLARED_SELECTOR = YES;
				GCC_WARN_UNINITIALIZED_AUTOS = YES_AGGRESSIVE;
				GCC_WARN_UNUSED_FUNCTION = YES;
				GCC_WARN_UNUSED_VARIABLE = YES;
				IPHONEOS_DEPLOYMENT_TARGET = 10.3;
				MTL_ENABLE_DEBUG_INFO = YES;
				ONLY_ACTIVE_ARCH = YES;
				SDKROOT = iphoneos;
				SWIFT_ACTIVE_COMPILATION_CONDITIONS = DEBUG;
				SWIFT_OPTIMIZATION_LEVEL = "-Onone";
				TARGETED_DEVICE_FAMILY = "1,2";
			};
			name = Debug;
		};
		D046CB7D1F53081B00FE73A1 /* Release */ = {
			isa = XCBuildConfiguration;
			buildSettings = {
				ALWAYS_SEARCH_USER_PATHS = NO;
				CLANG_ANALYZER_NONNULL = YES;
				CLANG_ANALYZER_NUMBER_OBJECT_CONVERSION = YES_AGGRESSIVE;
				CLANG_CXX_LANGUAGE_STANDARD = "gnu++0x";
				CLANG_CXX_LIBRARY = "libc++";
				CLANG_ENABLE_MODULES = YES;
				CLANG_ENABLE_OBJC_ARC = YES;
				CLANG_WARN_BOOL_CONVERSION = YES;
				CLANG_WARN_CONSTANT_CONVERSION = YES;
				CLANG_WARN_DIRECT_OBJC_ISA_USAGE = YES_ERROR;
				CLANG_WARN_DOCUMENTATION_COMMENTS = YES;
				CLANG_WARN_EMPTY_BODY = YES;
				CLANG_WARN_ENUM_CONVERSION = YES;
				CLANG_WARN_INFINITE_RECURSION = YES;
				CLANG_WARN_INT_CONVERSION = YES;
				CLANG_WARN_OBJC_ROOT_CLASS = YES_ERROR;
				CLANG_WARN_SUSPICIOUS_MOVE = YES;
				CLANG_WARN_UNREACHABLE_CODE = YES;
				CLANG_WARN__DUPLICATE_METHOD_MATCH = YES;
				"CODE_SIGN_IDENTITY[sdk=iphoneos*]" = "iPhone Developer";
				COPY_PHASE_STRIP = NO;
				DEBUG_INFORMATION_FORMAT = "dwarf-with-dsym";
				ENABLE_NS_ASSERTIONS = NO;
				ENABLE_STRICT_OBJC_MSGSEND = YES;
				GCC_C_LANGUAGE_STANDARD = gnu99;
				GCC_NO_COMMON_BLOCKS = YES;
				GCC_WARN_64_TO_32_BIT_CONVERSION = YES;
				GCC_WARN_ABOUT_RETURN_TYPE = YES_ERROR;
				GCC_WARN_UNDECLARED_SELECTOR = YES;
				GCC_WARN_UNINITIALIZED_AUTOS = YES_AGGRESSIVE;
				GCC_WARN_UNUSED_FUNCTION = YES;
				GCC_WARN_UNUSED_VARIABLE = YES;
				IPHONEOS_DEPLOYMENT_TARGET = 10.3;
				MTL_ENABLE_DEBUG_INFO = NO;
				SDKROOT = iphoneos;
				SWIFT_OPTIMIZATION_LEVEL = "-Owholemodule";
				TARGETED_DEVICE_FAMILY = "1,2";
				VALIDATE_PRODUCT = YES;
			};
			name = Release;
		};
		D046CB7F1F53081B00FE73A1 /* Debug */ = {
			isa = XCBuildConfiguration;
			buildSettings = {
				ASSETCATALOG_COMPILER_APPICON_NAME = AppIcon;
				INFOPLIST_FILE = SnapPick/Info.plist;
				LD_RUNPATH_SEARCH_PATHS = "$(inherited) @executable_path/Frameworks";
				PRODUCT_BUNDLE_IDENTIFIER = "Pickett-Inc.SnapPick";
				PRODUCT_NAME = "$(TARGET_NAME)";
				SWIFT_VERSION = 3.0;
			};
			name = Debug;
		};
		D046CB801F53081B00FE73A1 /* Release */ = {
			isa = XCBuildConfiguration;
			buildSettings = {
				ASSETCATALOG_COMPILER_APPICON_NAME = AppIcon;
				INFOPLIST_FILE = SnapPick/Info.plist;
				LD_RUNPATH_SEARCH_PATHS = "$(inherited) @executable_path/Frameworks";
				PRODUCT_BUNDLE_IDENTIFIER = "Pickett-Inc.SnapPick";
				PRODUCT_NAME = "$(TARGET_NAME)";
				SWIFT_VERSION = 3.0;
			};
			name = Release;
		};
/* End XCBuildConfiguration section */

/* Begin XCConfigurationList section */
		D046CB671F53081B00FE73A1 /* Build configuration list for PBXProject "SnapPick" */ = {
			isa = XCConfigurationList;
			buildConfigurations = (
				D046CB7C1F53081B00FE73A1 /* Debug */,
				D046CB7D1F53081B00FE73A1 /* Release */,
			);
			defaultConfigurationIsVisible = 0;
			defaultConfigurationName = Release;
		};
		D046CB7E1F53081B00FE73A1 /* Build configuration list for PBXNativeTarget "SnapPick" */ = {
			isa = XCConfigurationList;
			buildConfigurations = (
				D046CB7F1F53081B00FE73A1 /* Debug */,
				D046CB801F53081B00FE73A1 /* Release */,
			);
			defaultConfigurationIsVisible = 0;
		};
/* End XCConfigurationList section */
	};
	rootObject = D046CB641F53081B00FE73A1 /* Project object */;
}
